
Microsoft Visual Studio Solution File, Format Version 12.00
# Visual Studio Version 16
VisualStudioVersion = 16.0.30717.126
MinimumVisualStudioVersion = 10.0.40219.1
Project("{FAE04EC0-301F-11D3-BF4B-00C04F79EFBC}") = "SignalRChat", "SignalRChat.csproj", "{AAE07775-CCDE-47FF-8613-EB8AF23C5D9F}"
EndProject
Global
	GlobalSection(SolutionConfigurationPlatforms) = preSolution
		Debug|Any CPU = Debug|Any CPU
		Release|Any CPU = Release|Any CPU
	EndGlobalSection
	GlobalSection(ProjectConfigurationPlatforms) = postSolution
		{AAE07775-CCDE-47FF-8613-EB8AF23C5D9F}.Debug|Any CPU.ActiveCfg = Debug|Any CPU
		{AAE07775-CCDE-47FF-8613-EB8AF23C5D9F}.Debug|Any CPU.Build.0 = Debug|Any CPU
		{AAE07775-CCDE-47FF-8613-EB8AF23C5D9F}.Release|Any CPU.ActiveCfg = Release|Any CPU
		{AAE07775-CCDE-47FF-8613-EB8AF23C5D9F}.Release|Any CPU.Build.0 = Release|Any CPU
	EndGlobalSection
	GlobalSection(SolutionProperties) = preSolution
		HideSolutionNode = FALSE
	EndGlobalSection
	GlobalSection(ExtensibilityGlobals) = postSolution
		SolutionGuid = {83D0F451-D6A2-4FB0-A471-5BFE6EE00F5A}
	EndGlobalSection
EndGlobal
